{
  "name": "wechat-weapp-mall",
  "version": "1.0.0",
  "lockfileVersion": 1,
  "requires": true,
  "dependencies": {
    "supabase-wechat-stable": {
      "version": "0.2.1",
      "resolved": "https://registry.npmjs.org/supabase-wechat-stable/-/supabase-wechat-stable-0.2.1.tgz",
      "integrity": "sha512-H27nXahx1CFkbp7W9ozAEwpQg61ftw+cGQ6QyFYyTvFrqVjjon7Qiylzji0VuAaoHaveaLUhkIqdYRdY9Jz6hA==",
      "requires": {
        "wefetch": "^1.3.6"
      }
    },
    "wefetch": {
      "version": "1.3.6",
      "resolved": "https://registry.npmjs.org/wefetch/-/wefetch-1.3.6.tgz",
      "integrity": "sha512-LSKY1Z3iur4hAAALYDtgGZafM8SelXJeU9ygNOdvmnp4xKAbPUZc+ZcFe/aP8wsObEnyGghbXFwriAYPG9RCXw=="
    }
  }
}
